PODS:
  - Alamofire (4.7.3)
  - AloeStackView (1.0.1)
  - Charts (3.2.1):
    - Charts/Core (= 3.2.1)
  - Charts/Core (3.2.1)
  - CocoaDebug (0.1.5)
  - CryptoSwift (0.13.0)
  - EmptyDataSet-Swift (4.2.0)
  - ESTabBarController-swift (2.6.4)
  - FSCalendar (2.8.0)
  - Gemini (1.3.1)
  - HandyJSON (4.2.1)
  - Hero (1.4.0)
  - Hue (3.0.1)
  - IQKeyboardManagerSwift (6.2.0)
  - JXCategoryView (1.1.2)
  - KeychainAccess (3.1.2)
  - Kingfisher (4.10.1)
  - LTMorphingLabel (0.5.8)
  - MarqueeLabel/Swift (3.2.0)
  - MJRefresh (3.1.15.7)
  - Moya (11.0.2):
    - Moya/Core (= 11.0.2)
  - Moya/Core (11.0.2):
    - Alamofire (~> 4.1)
    - Result (~> 3.0)
  - NotificationBannerSwift (1.8.0):
    - MarqueeLabel/Swift (~> 3.2.0)
    - SnapKit (~> 4.0.1)
  - ObjcExceptionBridging (1.0.1):
    - ObjcExceptionBridging/ObjcExceptionBridging (= 1.0.1)
  - ObjcExceptionBridging/ObjcExceptionBridging (1.0.1)
  - PhoneNumberKit (2.5.0):
    - PhoneNumberKit/PhoneNumberKitCore (= 2.5.0)
    - PhoneNumberKit/UIKit (= 2.5.0)
  - PhoneNumberKit/PhoneNumberKitCore (2.5.0)
  - PhoneNumberKit/UIKit (2.5.0):
    - PhoneNumberKit/PhoneNumberKitCore
  - PKHUD (5.2.0)
  - QuickLayout (2.1.1)
  - Realm (3.11.1):
    - Realm/Headers (= 3.11.1)
  - Realm/Headers (3.11.1)
  - Result (3.2.4)
  - RxAtomic (4.4.0)
  - RxSwift (4.4.0):
    - RxAtomic (~> 4.4)
  - Schedule (1.0.0)
  - SkeletonView (1.4.1)
  - SnapKit (4.0.1)
  - Spring (1.0.6)
  - SwiftDate (5.0.13)
  - SwiftEntryKit (0.8.4):
    - QuickLayout (= 2.1.1)
  - SwiftTheme (0.4.3)
  - SwiftyAttributes (5.0.0)
  - SwiftyJSON (4.2.0)
  - SwiftyUserDefaults (3.0.1)
  - SwipeCellKit (2.5.0)
  - Toolbar (0.5.0)
  - ViewAnimator (2.2.0)
  - Whisper (6.0.2)
  - XCGLogger (6.1.0):
    - XCGLogger/Core (= 6.1.0)
  - XCGLogger/Core (6.1.0):
    - ObjcExceptionBridging

DEPENDENCIES:
  - Alamofire (= 4.7.3)
  - AloeStackView
  - Charts (= 3.2.1)
  - CocoaDebug
  - CryptoSwift (= 0.13.0)
  - EmptyDataSet-Swift (= 4.2.0)
  - ESTabBarController-swift
  - FSCalendar
  - Gemini
  - HandyJSON
  - Hero (= 1.4.0)
  - Hue (= 3.0.1)
  - IQKeyboardManagerSwift (= 6.2.0)
  - JXCategoryView
  - KeychainAccess (= 3.1.2)
  - Kingfisher (= 4.10.1)
  - LTMorphingLabel (= 0.5.8)
  - MJRefresh (= 3.1.15.7)
  - Moya (= 11.0.2)
  - NotificationBannerSwift (= 1.8.0)
  - PhoneNumberKit (= 2.5.0)
  - PKHUD (= 5.2.0)
  - Realm (= 3.11.1)
  - RxSwift
  - Schedule (= 1.0.0)
  - SkeletonView
  - SnapKit (= 4.0.1)
  - Spring (from `https://github.com/MengTo/Spring.git`)
  - SwiftDate (= 5.0.13)
  - SwiftEntryKit (= 0.8.4)
  - SwiftTheme (= 0.4.3)
  - SwiftyAttributes (= 5.0.0)
  - SwiftyJSON (= 4.2.0)
  - SwiftyUserDefaults (= 3.0.1)
  - SwipeCellKit
  - Toolbar (= 0.5.0)
  - ViewAnimator
  - "Whisper (from `git@github.com:freeubi/Whisper.git`, branch `swift-4.2-support`)"
  - XCGLogger

SPEC REPOS:
  https://github.com/cocoapods/specs.git:
    - Alamofire
    - AloeStackView
    - Charts
    - CocoaDebug
    - CryptoSwift
    - EmptyDataSet-Swift
    - ESTabBarController-swift
    - FSCalendar
    - Gemini
    - HandyJSON
    - Hero
    - Hue
    - IQKeyboardManagerSwift
    - JXCategoryView
    - KeychainAccess
    - Kingfisher
    - LTMorphingLabel
    - MarqueeLabel
    - MJRefresh
    - Moya
    - NotificationBannerSwift
    - ObjcExceptionBridging
    - PhoneNumberKit
    - PKHUD
    - QuickLayout
    - Realm
    - Result
    - RxAtomic
    - RxSwift
    - Schedule
    - SkeletonView
    - SnapKit
    - SwiftDate
    - SwiftEntryKit
    - SwiftTheme
    - SwiftyAttributes
    - SwiftyJSON
    - SwiftyUserDefaults
    - SwipeCellKit
    - Toolbar
    - ViewAnimator
    - XCGLogger

EXTERNAL SOURCES:
  Spring:
    :git: https://github.com/MengTo/Spring.git
  Whisper:
    :branch: swift-4.2-support
    :git: "git@github.com:freeubi/Whisper.git"

CHECKOUT OPTIONS:
  Spring:
    :commit: fafd0b2e8d4d46405bd86fa7ba84bb7f73a20b13
    :git: https://github.com/MengTo/Spring.git
  Whisper:
    :commit: 86880dea149a871ec5cb909cc3b93e7fb5804788
    :git: "git@github.com:freeubi/Whisper.git"

SPEC CHECKSUMS:
  Alamofire: c7287b6e5d7da964a70935e5db17046b7fde6568
  AloeStackView: d22c006da4510db5e220968234174654b5ed6ea5
  Charts: f122fb70b19847fa5817d018b77d6c5a2296ab25
  CocoaDebug: e3531fc0dfd6f32e6f9cacaecc88b10123b58dec
  CryptoSwift: 16e78bebf567bad1c87b2d58f6547f25b74c31aa
  EmptyDataSet-Swift: 1fa0b35f530a35f852ecb2b53564728b0c300aaf
  ESTabBarController-swift: 58cca4ab7de980657d99a02181c1ff310983e975
  FSCalendar: 3a5ed3636e2ba1b83ebebfcf0c2603105a6f5efe
  Gemini: 25fd4ae5dcde4cbd136dac899faf38a1dddea1a8
  HandyJSON: d0c5fc80204f29056d59d3e5c4587fa0b16b60a8
  Hero: bac92350d7201a1a940003e0767c7b52ce7c99a1
  Hue: 93e852fa6211ab35922ad8c293f51c43d6c79eb2
  IQKeyboardManagerSwift: b07ccf9d8cafe993dcd6cb794eb4ba34611a0c4e
  JXCategoryView: 7281368e4f4e10f1d006ff07114cafd63a495602
  KeychainAccess: b3816fddcf28aa29d94b10ec305cd52be14c472b
  Kingfisher: c148cd7b47ebde9989f6bc7c27dcaa79d81279a0
  LTMorphingLabel: 8adaba524476098ed307626d0bc42b7f8fadb7e0
  MarqueeLabel: 440a502b91a9179bd98f9fff00ba1150650a1c0e
  MJRefresh: 697f8ec75ebdbe9207767bb682cf0f51b0d8a41f
  Moya: a725035953bc1c0eb1be505ab903984501d82440
  NotificationBannerSwift: 49fc4be7fabada55b189b50e72184c92edd5f7f7
  ObjcExceptionBridging: c30e00eb3700467e695faeea30e26e18bd445001
  PhoneNumberKit: 32a1cd1e0aa9e950feb01886a22fd7386b8cf903
  PKHUD: dd5357ac65f26115c35c4a68e9b328053326c5fe
  QuickLayout: 9af2b7fd89a6552828f51a5aba28d1bcdb8b340c
  Realm: 037c5919b9ceb59d6beed5d3b031096856b119b3
  Result: d2d07204ce72856f1fd9130bbe42c35a7b0fea10
  RxAtomic: eacf60db868c96bfd63320e28619fe29c179656f
  RxSwift: 5976ecd04fc2fefd648827c23de5e11157faa973
  Schedule: 64f334e01daa6f80201ab147b59cb4f1e118ae74
  SkeletonView: 60d6ce7edb0cb4c7758db33c74add50392b3c475
  SnapKit: 0de968a9fec17499afa29683b05d0c775b6d1c29
  Spring: 3d113f14575ef79aec9c5f906dfa4f5001c03254
  SwiftDate: f4aea5fa9dee812485f34041121a4cbde01b0dee
  SwiftEntryKit: f0dd54bb0fb9f234738cd15a32365265cb975be8
  SwiftTheme: 628345b948068a48d330d76dffb1a990ea5f90aa
  SwiftyAttributes: a6e7bbac1e9a9f5c0b42e4055563ca091dda03ad
  SwiftyJSON: c4bcba26dd9ec7a027fc8eade48e2c911f229e96
  SwiftyUserDefaults: 3d273b1739b68ada3145dc754a70ec775bc5c8be
  SwipeCellKit: d8f2617538ce3021cb0a11d1b93856a06a2f2e20
  Toolbar: 240546f9a531266f639b713994b8b9eb7bb3391b
  ViewAnimator: a849844cc3698620e1a562b510ed0c28aeafcdc5
  Whisper: 8c499b08f3b56d5c80162d775e3462318ad7f4fe
  XCGLogger: 7f7f43f15dfe3a305fa1342b7dc29af656289abd

PODFILE CHECKSUM: 6eb849185ba2ef0c5f75e43a698cb3a41adbe178

COCOAPODS: 1.5.3
